
Microsoft Visual Studio Solution File, Format Version 11.00
# Visual Studio 2010
Project("{FAE04EC0-301F-11D3-BF4B-00C04F79EFBC}") = "Bird", "Bird\Bird.csproj", "{A7744B5A-EF62-4FB5-82CB-EFF00D7C4AC1}"
EndProject
Project("{FAE04EC0-301F-11D3-BF4B-00C04F79EFBC}") = "Downloader", "Downloader\Downloader.csproj", "{03442ED4-C296-4783-81B9-67C3F298543C}"
EndProject
Global
	GlobalSection(TeamFoundationVersionControl) = preSolution
		SccNumberOfProjects = 3
		SccEnterpriseProvider = {4CA58AB2-18FA-4F8D-95D4-32DDF27D184C}
		SccTeamFoundationServer = https://m-s.tfspreview.com/defaultcollection
		SccLocalPath0 = .
		SccProjectUniqueName1 = Bird\\Bird.csproj
		SccProjectName1 = Bird
		SccLocalPath1 = Bird
		SccProjectUniqueName2 = Downloader\\Downloader.csproj
		SccProjectName2 = Downloader
		SccLocalPath2 = Downloader
	EndGlobalSection
	GlobalSection(SolutionConfigurationPlatforms) = preSolution
		Debug|Any CPU = Debug|Any CPU
		Debug|Mixed Platforms = Debug|Mixed Platforms
		Debug|x86 = Debug|x86
		Release|Any CPU = Release|Any CPU
		Release|Mixed Platforms = Release|Mixed Platforms
		Release|x86 = Release|x86
	EndGlobalSection
	GlobalSection(ProjectConfigurationPlatforms) = postSolution
		{A7744B5A-EF62-4FB5-82CB-EFF00D7C4AC1}.Debug|Any CPU.ActiveCfg = Debug|Any CPU
		{A7744B5A-EF62-4FB5-82CB-EFF00D7C4AC1}.Debug|Any CPU.Build.0 = Debug|Any CPU
		{A7744B5A-EF62-4FB5-82CB-EFF00D7C4AC1}.Debug|Mixed Platforms.ActiveCfg = Debug|Any CPU
		{A7744B5A-EF62-4FB5-82CB-EFF00D7C4AC1}.Debug|Mixed Platforms.Build.0 = Debug|Any CPU
		{A7744B5A-EF62-4FB5-82CB-EFF00D7C4AC1}.Debug|x86.ActiveCfg = Debug|Any CPU
		{A7744B5A-EF62-4FB5-82CB-EFF00D7C4AC1}.Release|Any CPU.ActiveCfg = Release|Any CPU
		{A7744B5A-EF62-4FB5-82CB-EFF00D7C4AC1}.Release|Any CPU.Build.0 = Release|Any CPU
		{A7744B5A-EF62-4FB5-82CB-EFF00D7C4AC1}.Release|Mixed Platforms.ActiveCfg = Release|Any CPU
		{A7744B5A-EF62-4FB5-82CB-EFF00D7C4AC1}.Release|Mixed Platforms.Build.0 = Release|Any CPU
		{A7744B5A-EF62-4FB5-82CB-EFF00D7C4AC1}.Release|x86.ActiveCfg = Release|Any CPU
		{03442ED4-C296-4783-81B9-67C3F298543C}.Debug|Any CPU.ActiveCfg = Debug|x86
		{03442ED4-C296-4783-81B9-67C3F298543C}.Debug|Mixed Platforms.ActiveCfg = Debug|x86
		{03442ED4-C296-4783-81B9-67C3F298543C}.Debug|Mixed Platforms.Build.0 = Debug|x86
		{03442ED4-C296-4783-81B9-67C3F298543C}.Debug|x86.ActiveCfg = Debug|x86
		{03442ED4-C296-4783-81B9-67C3F298543C}.Debug|x86.Build.0 = Debug|x86
		{03442ED4-C296-4783-81B9-67C3F298543C}.Release|Any CPU.ActiveCfg = Release|x86
		{03442ED4-C296-4783-81B9-67C3F298543C}.Release|Mixed Platforms.ActiveCfg = Release|x86
		{03442ED4-C296-4783-81B9-67C3F298543C}.Release|Mixed Platforms.Build.0 = Release|x86
		{03442ED4-C296-4783-81B9-67C3F298543C}.Release|x86.ActiveCfg = Release|x86
		{03442ED4-C296-4783-81B9-67C3F298543C}.Release|x86.Build.0 = Release|x86
	EndGlobalSection
	GlobalSection(SolutionProperties) = preSolution
		HideSolutionNode = FALSE
	EndGlobalSection
EndGlobal
